<?xml version="1.0" encoding="utf-8"?>
<Project ToolsVersion="4.0" xmlns="http://schemas.microsoft.com/developer/msbuild/2003">
  <ItemGroup>
    <Filter Include="Source Files">
      <UniqueIdentifier>{4FC737F1-C7A5-4376-A066-2A32D752A2FF}</UniqueIdentifier>
      <Extensions>cpp;c;cc;cxx;def;odl;idl;hpj;bat;asm;asmx</Extensions>
    </Filter>
    <Filter Include="Header Files">
      <UniqueIdentifier>{93995380-89BD-4b04-88EB-625FBE52EBFB}</UniqueIdentifier>
      <Extensions>h;hh;hpp;hxx;hm;inl;inc;xsd</Extensions>
    </Filter>
    <Filter Include="Resource Files">
      <UniqueIdentifier>{D9D6E242-F8AF-46E4-B9FD-80ECBC20BA3E}</UniqueIdentifier>
      <Extensions>qrc;*</Extensions>
      <ParseFiles>false</ParseFiles>
    </Filter>
    <Filter Include="Form Files">
      <UniqueIdentifier>{99349809-55BA-4b9d-BF79-8FDBB0286EB3}</UniqueIdentifier>
      <Extensions>ui</Extensions>
    </Filter>
    <Filter Include="Resource Files">
      <UniqueIdentifier>{D9D6E242-F8AF-46E4-B9FD-80ECBC20BA3E}</UniqueIdentifier>
      <Extensions>qrc;*</Extensions>
      <ParseFiles>false</ParseFiles>
    </Filter>
    <Filter Include="Generated Files">
      <UniqueIdentifier>{71ED8ED8-ACB9-4CE9-BBE1-E00B30144E11}</UniqueIdentifier>
      <Extensions>moc;h;cpp</Extensions>
      <SourceControlFiles>False</SourceControlFiles>
    </Filter>
    <Filter Include="Header Files\Server">
      <UniqueIdentifier>{59c99b6b-6e4b-4876-90eb-a3eb781e459b}</UniqueIdentifier>
    </Filter>
    <Filter Include="Source Files\Server">
      <UniqueIdentifier>{efae7f61-9527-4a78-88d7-3effe79f2f5f}</UniqueIdentifier>
    </Filter>
    <Filter Include="Header Files\Base">
      <UniqueIdentifier>{34744dd4-ecb3-4b76-b705-ceb9280930b6}</UniqueIdentifier>
    </Filter>
    <Filter Include="Source Files\base">
      <UniqueIdentifier>{7d06d60d-e5b1-47bc-a0b6-285aca5487fb}</UniqueIdentifier>
    </Filter>
  </ItemGroup>
  <ItemGroup>
    <ClCompile Include="main.cpp">
      <Filter>Source Files</Filter>
    </ClCompile>
    <ClCompile Include="TcpServer.cpp">
      <Filter>Source Files</Filter>
    </ClCompile>
    <ClCompile Include="GeneratedFiles\qrc_TcpServer.cpp">
      <Filter>Generated Files</Filter>
    </ClCompile>
    <ClCompile Include="Database.cpp">
      <Filter>Source Files</Filter>
    </ClCompile>
    <ClCompile Include="GeneratedFiles\Debug\moc_MyTcpSocket.cpp">
      <Filter>Generated Files</Filter>
    </ClCompile>
    <ClCompile Include="GeneratedFiles\Release\moc_MyTcpSocket.cpp">
      <Filter>Generated Files</Filter>
    </ClCompile>
    <ClCompile Include="GeneratedFiles\Debug\moc_MyTcpServer.cpp">
      <Filter>Generated Files</Filter>
    </ClCompile>
    <ClCompile Include="MyTcpServer.cpp">
      <Filter>Source Files\Server</Filter>
    </ClCompile>
    <ClCompile Include="MyTcpSocket.cpp">
      <Filter>Source Files\Server</Filter>
    </ClCompile>
    <ClCompile Include="MyThreadHandle.cpp">
      <Filter>Source Files\Server</Filter>
    </ClCompile>
    <ClCompile Include="GeneratedFiles\Debug\moc_MyThread.cpp">
      <Filter>Generated Files</Filter>
    </ClCompile>
    <ClCompile Include="GeneratedFiles\Release\moc_MyThread.cpp">
      <Filter>Generated Files</Filter>
    </ClCompile>
    <ClCompile Include="MyThread.cpp">
      <Filter>Source Files\Server</Filter>
    </ClCompile>
    <ClCompile Include="File.cpp">
      <Filter>Source Files\base</Filter>
    </ClCompile>
    <ClCompile Include="Report.cpp">
      <Filter>Source Files\base</Filter>
    </ClCompile>
    <ClCompile Include="User.cpp">
      <Filter>Source Files\base</Filter>
    </ClCompile>
  </ItemGroup>
  <ItemGroup>
    <CustomBuild Include="TcpServer.h">
      <Filter>Header Files</Filter>
    </CustomBuild>
    <CustomBuild Include="TcpServer.qrc">
      <Filter>Resource Files</Filter>
    </CustomBuild>
    <CustomBuild Include="TcpServer.ui">
      <Filter>Form Files</Filter>
    </CustomBuild>
    <CustomBuild Include="MyTcpSocket.h">
      <Filter>Header Files\Server</Filter>
    </CustomBuild>
    <CustomBuild Include="MyTcpServer.h">
      <Filter>Header Files\Server</Filter>
    </CustomBuild>
    <CustomBuild Include="MyThread.h">
      <Filter>Header Files\Server</Filter>
    </CustomBuild>
  </ItemGroup>
  <ItemGroup>
    <ClInclude Include="Database.h">
      <Filter>Header Files</Filter>
    </ClInclude>
    <ClInclude Include="GeneratedFiles\ui_TcpServer.h">
      <Filter>Generated Files</Filter>
    </ClInclude>
    <ClInclude Include="MyThreadHandle.h">
      <Filter>Header Files\Server</Filter>
    </ClInclude>
    <ClInclude Include="File.h">
      <Filter>Header Files\Base</Filter>
    </ClInclude>
    <ClInclude Include="Report.h">
      <Filter>Header Files\Base</Filter>
    </ClInclude>
    <ClInclude Include="User.h">
      <Filter>Header Files\Base</Filter>
    </ClInclude>
  </ItemGroup>
</Project>